
Microsoft Visual Studio Solution File, Format Version 12.00
# Visual Studio Version 17
VisualStudioVersion = 17.5.33530.505
MinimumVisualStudioVersion = 10.0.40219.1
Project("{2150E333-8FDC-42A3-9474-1A3956D46DE8}") = "ApplicationCore", "ApplicationCore", "{700253E2-4E50-41BE-BF9C-2A0E872514D2}"
EndProject
Project("{FAE04EC0-301F-11D3-BF4B-00C04F79EFBC}") = "Diet.Domain", "Dient.Domain\Diet.Domain.csproj", "{8442DF5A-82BE-401C-8E05-485E68483B8B}"
EndProject
Project("{FAE04EC0-301F-11D3-BF4B-00C04F79EFBC}") = "Diet.Application", "Dient.Application\Diet.Application.csproj", "{CE61FDB1-B14F-495D-86F2-63EA800CE725}"
EndProject
Project("{FAE04EC0-301F-11D3-BF4B-00C04F79EFBC}") = "Diet.Domain.Contract", "Dient.Domain.Contract\Diet.Domain.Contract.csproj", "{D3655C1B-701A-4C63-BDA1-EEBC0191988C}"
EndProject
Project("{2150E333-8FDC-42A3-9474-1A3956D46DE8}") = "Framework", "Framework", "{79418F52-FD85-4EDE-8D0B-557AEE6B29DC}"
EndProject
Project("{2150E333-8FDC-42A3-9474-1A3956D46DE8}") = "Infrastructure", "Infrastructure", "{8B8C0CE6-8C30-4517-AAE5-70DE7D3F043B}"
EndProject
Project("{2150E333-8FDC-42A3-9474-1A3956D46DE8}") = "Presentation", "Presentation", "{2C66C700-0AF4-4C2F-A85C-4A9CCC2B06D7}"
EndProject
Project("{FAE04EC0-301F-11D3-BF4B-00C04F79EFBC}") = "Diet.Framework.Core", "Dient.Framework.Core\Diet.Framework.Core.csproj", "{C87A7A03-E34D-4916-99C0-B33FD7ECCE26}"
EndProject
Project("{FAE04EC0-301F-11D3-BF4B-00C04F79EFBC}") = "Diet.Persistence.EF", "Dient.Persistence.EF\Diet.Persistence.EF.csproj", "{B7C9FCF4-506B-4E5E-85B2-210A1E6F735A}"
EndProject
Project("{FAE04EC0-301F-11D3-BF4B-00C04F79EFBC}") = "Dient.Api", "Dient.Api\Dient.Api.csproj", "{164E021B-08E1-40FF-AF4B-B7BD68E8D7BA}"
EndProject
Global
	GlobalSection(SolutionConfigurationPlatforms) = preSolution
		Debug|Any CPU = Debug|Any CPU
		Release|Any CPU = Release|Any CPU
	EndGlobalSection
	GlobalSection(ProjectConfigurationPlatforms) = postSolution
		{8442DF5A-82BE-401C-8E05-485E68483B8B}.Debug|Any CPU.ActiveCfg = Debug|Any CPU
		{8442DF5A-82BE-401C-8E05-485E68483B8B}.Debug|Any CPU.Build.0 = Debug|Any CPU
		{8442DF5A-82BE-401C-8E05-485E68483B8B}.Release|Any CPU.ActiveCfg = Release|Any CPU
		{8442DF5A-82BE-401C-8E05-485E68483B8B}.Release|Any CPU.Build.0 = Release|Any CPU
		{CE61FDB1-B14F-495D-86F2-63EA800CE725}.Debug|Any CPU.ActiveCfg = Debug|Any CPU
		{CE61FDB1-B14F-495D-86F2-63EA800CE725}.Debug|Any CPU.Build.0 = Debug|Any CPU
		{CE61FDB1-B14F-495D-86F2-63EA800CE725}.Release|Any CPU.ActiveCfg = Release|Any CPU
		{CE61FDB1-B14F-495D-86F2-63EA800CE725}.Release|Any CPU.Build.0 = Release|Any CPU
		{D3655C1B-701A-4C63-BDA1-EEBC0191988C}.Debug|Any CPU.ActiveCfg = Debug|Any CPU
		{D3655C1B-701A-4C63-BDA1-EEBC0191988C}.Debug|Any CPU.Build.0 = Debug|Any CPU
		{D3655C1B-701A-4C63-BDA1-EEBC0191988C}.Release|Any CPU.ActiveCfg = Release|Any CPU
		{D3655C1B-701A-4C63-BDA1-EEBC0191988C}.Release|Any CPU.Build.0 = Release|Any CPU
		{C87A7A03-E34D-4916-99C0-B33FD7ECCE26}.Debug|Any CPU.ActiveCfg = Debug|Any CPU
		{C87A7A03-E34D-4916-99C0-B33FD7ECCE26}.Debug|Any CPU.Build.0 = Debug|Any CPU
		{C87A7A03-E34D-4916-99C0-B33FD7ECCE26}.Release|Any CPU.ActiveCfg = Release|Any CPU
		{C87A7A03-E34D-4916-99C0-B33FD7ECCE26}.Release|Any CPU.Build.0 = Release|Any CPU
		{B7C9FCF4-506B-4E5E-85B2-210A1E6F735A}.Debug|Any CPU.ActiveCfg = Debug|Any CPU
		{B7C9FCF4-506B-4E5E-85B2-210A1E6F735A}.Debug|Any CPU.Build.0 = Debug|Any CPU
		{B7C9FCF4-506B-4E5E-85B2-210A1E6F735A}.Release|Any CPU.ActiveCfg = Release|Any CPU
		{B7C9FCF4-506B-4E5E-85B2-210A1E6F735A}.Release|Any CPU.Build.0 = Release|Any CPU
		{164E021B-08E1-40FF-AF4B-B7BD68E8D7BA}.Debug|Any CPU.ActiveCfg = Debug|Any CPU
		{164E021B-08E1-40FF-AF4B-B7BD68E8D7BA}.Debug|Any CPU.Build.0 = Debug|Any CPU
		{164E021B-08E1-40FF-AF4B-B7BD68E8D7BA}.Release|Any CPU.ActiveCfg = Release|Any CPU
		{164E021B-08E1-40FF-AF4B-B7BD68E8D7BA}.Release|Any CPU.Build.0 = Release|Any CPU
	EndGlobalSection
	GlobalSection(SolutionProperties) = preSolution
		HideSolutionNode = FALSE
	EndGlobalSection
	GlobalSection(NestedProjects) = preSolution
		{8442DF5A-82BE-401C-8E05-485E68483B8B} = {700253E2-4E50-41BE-BF9C-2A0E872514D2}
		{CE61FDB1-B14F-495D-86F2-63EA800CE725} = {700253E2-4E50-41BE-BF9C-2A0E872514D2}
		{D3655C1B-701A-4C63-BDA1-EEBC0191988C} = {700253E2-4E50-41BE-BF9C-2A0E872514D2}
		{C87A7A03-E34D-4916-99C0-B33FD7ECCE26} = {79418F52-FD85-4EDE-8D0B-557AEE6B29DC}
		{B7C9FCF4-506B-4E5E-85B2-210A1E6F735A} = {8B8C0CE6-8C30-4517-AAE5-70DE7D3F043B}
		{164E021B-08E1-40FF-AF4B-B7BD68E8D7BA} = {2C66C700-0AF4-4C2F-A85C-4A9CCC2B06D7}
	EndGlobalSection
	GlobalSection(ExtensibilityGlobals) = postSolution
		SolutionGuid = {8BC8D349-05CA-4C1C-A336-1C6C6049F3FC}
	EndGlobalSection
EndGlobal
